// !$*UTF8*$!
{
	archiveVersion = 1;
	classes = {
	};
	objectVersion = 50;
	objects = {

/* Begin PBXBuildFile section */
		3C88CB8623E81196000DB01F /* AppDelegate.swift in Sources */ = {isa = PBXBuildFile; fileRef = 3C88CB8523E81196000DB01F /* AppDelegate.swift */; };
		3C88CB8823E81196000DB01F /* SceneDelegate.swift in Sources */ = {isa = PBXBuildFile; fileRef = 3C88CB8723E81196000DB01F /* SceneDelegate.swift */; };
		3C88CB8D23E81196000DB01F /* Main.storyboard in Resources */ = {isa = PBXBuildFile; fileRef = 3C88CB8B23E81196000DB01F /* Main.storyboard */; };
		3C88CB8F23E81198000DB01F /* Assets.xcassets in Resources */ = {isa = PBXBuildFile; fileRef = 3C88CB8E23E81198000DB01F /* Assets.xcassets */; };
		3C88CB9223E81198000DB01F /* LaunchScreen.storyboard in Resources */ = {isa = PBXBuildFile; fileRef = 3C88CB9023E81198000DB01F /* LaunchScreen.storyboard */; };
		3C88CBB723E812B6000DB01F /* EndPoints.swift in Sources */ = {isa = PBXBuildFile; fileRef = 3C88CB9B23E812B6000DB01F /* EndPoints.swift */; };
		3C88CBC423E812B6000DB01F /* ApiClient.swift in Sources */ = {isa = PBXBuildFile; fileRef = 3C88CBB023E812B6000DB01F /* ApiClient.swift */; };
		3C88CBC523E812B6000DB01F /* Reachability.swift in Sources */ = {isa = PBXBuildFile; fileRef = 3C88CBB123E812B6000DB01F /* Reachability.swift */; };
		3C88CBC723E812B6000DB01F /* UIView+Ext.swift in Sources */ = {isa = PBXBuildFile; fileRef = 3C88CBB423E812B6000DB01F /* UIView+Ext.swift */; };
		3C88CBC823E812B6000DB01F /* CustomError.swift in Sources */ = {isa = PBXBuildFile; fileRef = 3C88CBB623E812B6000DB01F /* CustomError.swift */; };
		3C88CBCA23E81802000DB01F /* CompanyData.swift in Sources */ = {isa = PBXBuildFile; fileRef = 3C88CBC923E81802000DB01F /* CompanyData.swift */; };
		3C88CBCD23E81A7B000DB01F /* CompanyListViewController.swift in Sources */ = {isa = PBXBuildFile; fileRef = 3C88CBCB23E81A7B000DB01F /* CompanyListViewController.swift */; };
		3C88CBCE23E81A7B000DB01F /* CompanyListTableViewCell.swift in Sources */ = {isa = PBXBuildFile; fileRef = 3C88CBCC23E81A7B000DB01F /* CompanyListTableViewCell.swift */; };
		3C88CBD023E81B23000DB01F /* CompanyListPresenter.swift in Sources */ = {isa = PBXBuildFile; fileRef = 3C88CBCF23E81B23000DB01F /* CompanyListPresenter.swift */; };
		3C88CBD223E81BE7000DB01F /* CompanyListFetcher.swift in Sources */ = {isa = PBXBuildFile; fileRef = 3C88CBD123E81BE7000DB01F /* CompanyListFetcher.swift */; };
		3C88CBD423E81C27000DB01F /* CompanyListProtocols.swift in Sources */ = {isa = PBXBuildFile; fileRef = 3C88CBD323E81C27000DB01F /* CompanyListProtocols.swift */; };
		3C88CBD623E81C4F000DB01F /* CompanyListInteractor.swift in Sources */ = {isa = PBXBuildFile; fileRef = 3C88CBD523E81C4F000DB01F /* CompanyListInteractor.swift */; };
		3C88CBD823E81C62000DB01F /* CompanyListRouter.swift in Sources */ = {isa = PBXBuildFile; fileRef = 3C88CBD723E81C62000DB01F /* CompanyListRouter.swift */; };
/* End PBXBuildFile section */

/* Begin PBXFileReference section */
		3C88CB8223E81196000DB01F /* Club Demo.app */ = {isa = PBXFileReference; explicitFileType = wrapper.application; includeInIndex = 0; path = "Club Demo.app"; sourceTree = BUILT_PRODUCTS_DIR; };
		3C88CB8523E81196000DB01F /* AppDelegate.swift */ = {isa = PBXFileReference; lastKnownFileType = sourcecode.swift; path = AppDelegate.swift; sourceTree = "<group>"; };
		3C88CB8723E81196000DB01F /* SceneDelegate.swift */ = {isa = PBXFileReference; lastKnownFileType = sourcecode.swift; path = SceneDelegate.swift; sourceTree = "<group>"; };
		3C88CB8C23E81196000DB01F /* Base */ = {isa = PBXFileReference; lastKnownFileType = file.storyboard; name = Base; path = Base.lproj/Main.storyboard; sourceTree = "<group>"; };
		3C88CB8E23E81198000DB01F /* Assets.xcassets */ = {isa = PBXFileReference; lastKnownFileType = folder.assetcatalog; path = Assets.xcassets; sourceTree = "<group>"; };
		3C88CB9123E81198000DB01F /* Base */ = {isa = PBXFileReference; lastKnownFileType = file.storyboard; name = Base; path = Base.lproj/LaunchScreen.storyboard; sourceTree = "<group>"; };
		3C88CB9323E81198000DB01F /* Info.plist */ = {isa = PBXFileReference; lastKnownFileType = text.plist.xml; path = Info.plist; sourceTree = "<group>"; };
		3C88CB9B23E812B6000DB01F /* EndPoints.swift */ = {isa = PBXFileReference; fileEncoding = 4; lastKnownFileType = sourcecode.swift; path = EndPoints.swift; sourceTree = "<group>"; };
		3C88CBB023E812B6000DB01F /* ApiClient.swift */ = {isa = PBXFileReference; fileEncoding = 4; lastKnownFileType = sourcecode.swift; path = ApiClient.swift; sourceTree = "<group>"; };
		3C88CBB123E812B6000DB01F /* Reachability.swift */ = {isa = PBXFileReference; fileEncoding = 4; lastKnownFileType = sourcecode.swift; path = Reachability.swift; sourceTree = "<group>"; };
		3C88CBB423E812B6000DB01F /* UIView+Ext.swift */ = {isa = PBXFileReference; fileEncoding = 4; lastKnownFileType = sourcecode.swift; path = "UIView+Ext.swift"; sourceTree = "<group>"; };
		3C88CBB623E812B6000DB01F /* CustomError.swift */ = {isa = PBXFileReference; fileEncoding = 4; lastKnownFileType = sourcecode.swift; path = CustomError.swift; sourceTree = "<group>"; };
		3C88CBC923E81802000DB01F /* CompanyData.swift */ = {isa = PBXFileReference; fileEncoding = 4; lastKnownFileType = sourcecode.swift; path = CompanyData.swift; sourceTree = "<group>"; };
		3C88CBCB23E81A7B000DB01F /* CompanyListViewController.swift */ = {isa = PBXFileReference; fileEncoding = 4; lastKnownFileType = sourcecode.swift; path = CompanyListViewController.swift; sourceTree = "<group>"; };
		3C88CBCC23E81A7B000DB01F /* CompanyListTableViewCell.swift */ = {isa = PBXFileReference; fileEncoding = 4; lastKnownFileType = sourcecode.swift; path = CompanyListTableViewCell.swift; sourceTree = "<group>"; };
		3C88CBCF23E81B23000DB01F /* CompanyListPresenter.swift */ = {isa = PBXFileReference; fileEncoding = 4; lastKnownFileType = sourcecode.swift; path = CompanyListPresenter.swift; sourceTree = "<group>"; };
		3C88CBD123E81BE7000DB01F /* CompanyListFetcher.swift */ = {isa = PBXFileReference; fileEncoding = 4; lastKnownFileType = sourcecode.swift; path = CompanyListFetcher.swift; sourceTree = "<group>"; };
		3C88CBD323E81C27000DB01F /* CompanyListProtocols.swift */ = {isa = PBXFileReference; fileEncoding = 4; lastKnownFileType = sourcecode.swift; path = CompanyListProtocols.swift; sourceTree = "<group>"; };
		3C88CBD523E81C4F000DB01F /* CompanyListInteractor.swift */ = {isa = PBXFileReference; fileEncoding = 4; lastKnownFileType = sourcecode.swift; path = CompanyListInteractor.swift; sourceTree = "<group>"; };
		3C88CBD723E81C62000DB01F /* CompanyListRouter.swift */ = {isa = PBXFileReference; fileEncoding = 4; lastKnownFileType = sourcecode.swift; path = CompanyListRouter.swift; sourceTree = "<group>"; };
/* End PBXFileReference section */

/* Begin PBXFrameworksBuildPhase section */
		3C88CB7F23E81196000DB01F /* Frameworks */ = {
			isa = PBXFrameworksBuildPhase;
			buildActionMask = 2147483647;
			files = (
			);
			runOnlyForDeploymentPostprocessing = 0;
		};
/* End PBXFrameworksBuildPhase section */

/* Begin PBXGroup section */
		3C88CB7923E81196000DB01F = {
			isa = PBXGroup;
			children = (
				3C88CB8423E81196000DB01F /* Club Demo */,
				3C88CB8323E81196000DB01F /* Products */,
			);
			sourceTree = "<group>";
		};
		3C88CB8323E81196000DB01F /* Products */ = {
			isa = PBXGroup;
			children = (
				3C88CB8223E81196000DB01F /* Club Demo.app */,
			);
			name = Products;
			sourceTree = "<group>";
		};
		3C88CB8423E81196000DB01F /* Club Demo */ = {
			isa = PBXGroup;
			children = (
				3C88CBAE23E812B6000DB01F /* Common */,
				3C88CB9923E812B6000DB01F /* CompanyList */,
				3C88CB8523E81196000DB01F /* AppDelegate.swift */,
				3C88CB8723E81196000DB01F /* SceneDelegate.swift */,
				3C88CB8B23E81196000DB01F /* Main.storyboard */,
				3C88CB8E23E81198000DB01F /* Assets.xcassets */,
				3C88CB9023E81198000DB01F /* LaunchScreen.storyboard */,
				3C88CB9323E81198000DB01F /* Info.plist */,
			);
			path = "Club Demo";
			sourceTree = "<group>";
		};
		3C88CB9923E812B6000DB01F /* CompanyList */ = {
			isa = PBXGroup;
			children = (
				3C88CBA223E812B6000DB01F /* Views */,
				3C88CB9D23E812B6000DB01F /* Presenter */,
				3C88CBAA23E812B6000DB01F /* Interactor */,
				3C88CBA823E812B6000DB01F /* Protocols */,
				3C88CBA023E812B6000DB01F /* Fetcher */,
				3C88CB9A23E812B6000DB01F /* Entity */,
				3C88CBAC23E812B6000DB01F /* Router */,
			);
			path = CompanyList;
			sourceTree = "<group>";
		};
		3C88CB9A23E812B6000DB01F /* Entity */ = {
			isa = PBXGroup;
			children = (
				3C88CB9B23E812B6000DB01F /* EndPoints.swift */,
				3C88CBC923E81802000DB01F /* CompanyData.swift */,
			);
			path = Entity;
			sourceTree = "<group>";
		};
		3C88CB9D23E812B6000DB01F /* Presenter */ = {
			isa = PBXGroup;
			children = (
				3C88CBCF23E81B23000DB01F /* CompanyListPresenter.swift */,
			);
			path = Presenter;
			sourceTree = "<group>";
		};
		3C88CBA023E812B6000DB01F /* Fetcher */ = {
			isa = PBXGroup;
			children = (
				3C88CBD123E81BE7000DB01F /* CompanyListFetcher.swift */,
			);
			path = Fetcher;
			sourceTree = "<group>";
		};
		3C88CBA223E812B6000DB01F /* Views */ = {
			isa = PBXGroup;
			children = (
				3C88CBCC23E81A7B000DB01F /* CompanyListTableViewCell.swift */,
				3C88CBCB23E81A7B000DB01F /* CompanyListViewController.swift */,
			);
			path = Views;
			sourceTree = "<group>";
		};
		3C88CBA823E812B6000DB01F /* Protocols */ = {
			isa = PBXGroup;
			children = (
				3C88CBD323E81C27000DB01F /* CompanyListProtocols.swift */,
			);
			path = Protocols;
			sourceTree = "<group>";
		};
		3C88CBAA23E812B6000DB01F /* Interactor */ = {
			isa = PBXGroup;
			children = (
				3C88CBD523E81C4F000DB01F /* CompanyListInteractor.swift */,
			);
			path = Interactor;
			sourceTree = "<group>";
		};
		3C88CBAC23E812B6000DB01F /* Router */ = {
			isa = PBXGroup;
			children = (
				3C88CBD723E81C62000DB01F /* CompanyListRouter.swift */,
			);
			path = Router;
			sourceTree = "<group>";
		};
		3C88CBAE23E812B6000DB01F /* Common */ = {
			isa = PBXGroup;
			children = (
				3C88CBAF23E812B6000DB01F /* ApiCLient */,
				3C88CBB223E812B6000DB01F /* Extensions */,
				3C88CBB523E812B6000DB01F /* CustomError */,
			);
			path = Common;
			sourceTree = "<group>";
		};
		3C88CBAF23E812B6000DB01F /* ApiCLient */ = {
			isa = PBXGroup;
			children = (
				3C88CBB023E812B6000DB01F /* ApiClient.swift */,
				3C88CBB123E812B6000DB01F /* Reachability.swift */,
			);
			path = ApiCLient;
			sourceTree = "<group>";
		};
		3C88CBB223E812B6000DB01F /* Extensions */ = {
			isa = PBXGroup;
			children = (
				3C88CBB423E812B6000DB01F /* UIView+Ext.swift */,
			);
			path = Extensions;
			sourceTree = "<group>";
		};
		3C88CBB523E812B6000DB01F /* CustomError */ = {
			isa = PBXGroup;
			children = (
				3C88CBB623E812B6000DB01F /* CustomError.swift */,
			);
			path = CustomError;
			sourceTree = "<group>";
		};
/* End PBXGroup section */

/* Begin PBXNativeTarget section */
		3C88CB8123E81196000DB01F /* Club Demo */ = {
			isa = PBXNativeTarget;
			buildConfigurationList = 3C88CB9623E81198000DB01F /* Build configuration list for PBXNativeTarget "Club Demo" */;
			buildPhases = (
				3C88CB7E23E81196000DB01F /* Sources */,
				3C88CB7F23E81196000DB01F /* Frameworks */,
				3C88CB8023E81196000DB01F /* Resources */,
			);
			buildRules = (
			);
			dependencies = (
			);
			name = "Club Demo";
			productName = "Club Demo";
			productReference = 3C88CB8223E81196000DB01F /* Club Demo.app */;
			productType = "com.apple.product-type.application";
		};
/* End PBXNativeTarget section */

/* Begin PBXProject section */
		3C88CB7A23E81196000DB01F /* Project object */ = {
			isa = PBXProject;
			attributes = {
				LastSwiftUpdateCheck = 1120;
				LastUpgradeCheck = 1120;
				ORGANIZATIONNAME = "Amol Prakash";
				TargetAttributes = {
					3C88CB8123E81196000DB01F = {
						CreatedOnToolsVersion = 11.2.1;
					};
				};
			};
			buildConfigurationList = 3C88CB7D23E81196000DB01F /* Build configuration list for PBXProject "Club Demo" */;
			compatibilityVersion = "Xcode 9.3";
			developmentRegion = en;
			hasScannedForEncodings = 0;
			knownRegions = (
				en,
				Base,
			);
			mainGroup = 3C88CB7923E81196000DB01F;
			productRefGroup = 3C88CB8323E81196000DB01F /* Products */;
			projectDirPath = "";
			projectRoot = "";
			targets = (
				3C88CB8123E81196000DB01F /* Club Demo */,
			);
		};
/* End PBXProject section */

/* Begin PBXResourcesBuildPhase section */
		3C88CB8023E81196000DB01F /* Resources */ = {
			isa = PBXResourcesBuildPhase;
			buildActionMask = 2147483647;
			files = (
				3C88CB9223E81198000DB01F /* LaunchScreen.storyboard in Resources */,
				3C88CB8F23E81198000DB01F /* Assets.xcassets in Resources */,
				3C88CB8D23E81196000DB01F /* Main.storyboard in Resources */,
			);
			runOnlyForDeploymentPostprocessing = 0;
		};
/* End PBXResourcesBuildPhase section */

/* Begin PBXSourcesBuildPhase section */
		3C88CB7E23E81196000DB01F /* Sources */ = {
			isa = PBXSourcesBuildPhase;
			buildActionMask = 2147483647;
			files = (
				3C88CBD423E81C27000DB01F /* CompanyListProtocols.swift in Sources */,
				3C88CB8623E81196000DB01F /* AppDelegate.swift in Sources */,
				3C88CBC423E812B6000DB01F /* ApiClient.swift in Sources */,
				3C88CBD623E81C4F000DB01F /* CompanyListInteractor.swift in Sources */,
				3C88CBD223E81BE7000DB01F /* CompanyListFetcher.swift in Sources */,
				3C88CBCE23E81A7B000DB01F /* CompanyListTableViewCell.swift in Sources */,
				3C88CBD023E81B23000DB01F /* CompanyListPresenter.swift in Sources */,
				3C88CBCD23E81A7B000DB01F /* CompanyListViewController.swift in Sources */,
				3C88CBB723E812B6000DB01F /* EndPoints.swift in Sources */,
				3C88CBCA23E81802000DB01F /* CompanyData.swift in Sources */,
				3C88CB8823E81196000DB01F /* SceneDelegate.swift in Sources */,
				3C88CBC723E812B6000DB01F /* UIView+Ext.swift in Sources */,
				3C88CBC823E812B6000DB01F /* CustomError.swift in Sources */,
				3C88CBD823E81C62000DB01F /* CompanyListRouter.swift in Sources */,
				3C88CBC523E812B6000DB01F /* Reachability.swift in Sources */,
			);
			runOnlyForDeploymentPostprocessing = 0;
		};
/* End PBXSourcesBuildPhase section */

/* Begin PBXVariantGroup section */
		3C88CB8B23E81196000DB01F /* Main.storyboard */ = {
			isa = PBXVariantGroup;
			children = (
				3C88CB8C23E81196000DB01F /* Base */,
			);
			name = Main.storyboard;
			sourceTree = "<group>";
		};
		3C88CB9023E81198000DB01F /* LaunchScreen.storyboard */ = {
			isa = PBXVariantGroup;
			children = (
				3C88CB9123E81198000DB01F /* Base */,
			);
			name = LaunchScreen.storyboard;
			sourceTree = "<group>";
		};
/* End PBXVariantGroup section */

/* Begin XCBuildConfiguration section */
		3C88CB9423E81198000DB01F /* Debug */ = {
			isa = XCBuildConfiguration;
			buildSettings = {
				ALWAYS_SEARCH_USER_PATHS = NO;
				CLANG_ANALYZER_NONNULL = YES;
				CLANG_ANALYZER_NUMBER_OBJECT_CONVERSION = YES_AGGRESSIVE;
				CLANG_CXX_LANGUAGE_STANDARD = "gnu++14";
				CLANG_CXX_LIBRARY = "libc++";
				CLANG_ENABLE_MODULES = YES;
				CLANG_ENABLE_OBJC_ARC = YES;
				CLANG_ENABLE_OBJC_WEAK = YES;
				CLANG_WARN_BLOCK_CAPTURE_AUTORELEASING = YES;
				CLANG_WARN_BOOL_CONVERSION = YES;
				CLANG_WARN_COMMA = YES;
				CLANG_WARN_CONSTANT_CONVERSION = YES;
				CLANG_WARN_DEPRECATED_OBJC_IMPLEMENTATIONS = YES;
				CLANG_WARN_DIRECT_OBJC_ISA_USAGE = YES_ERROR;
				CLANG_WARN_DOCUMENTATION_COMMENTS = YES;
				CLANG_WARN_EMPTY_BODY = YES;
				CLANG_WARN_ENUM_CONVERSION = YES;
				CLANG_WARN_INFINITE_RECURSION = YES;
				CLANG_WARN_INT_CONVERSION = YES;
				CLANG_WARN_NON_LITERAL_NULL_CONVERSION = YES;
				CLANG_WARN_OBJC_IMPLICIT_RETAIN_SELF = YES;
				CLANG_WARN_OBJC_LITERAL_CONVERSION = YES;
				CLANG_WARN_OBJC_ROOT_CLASS = YES_ERROR;
				CLANG_WARN_RANGE_LOOP_ANALYSIS = YES;
				CLANG_WARN_STRICT_PROTOTYPES = YES;
				CLANG_WARN_SUSPICIOUS_MOVE = YES;
				CLANG_WARN_UNGUARDED_AVAILABILITY = YES_AGGRESSIVE;
				CLANG_WARN_UNREACHABLE_CODE = YES;
				CLANG_WARN__DUPLICATE_METHOD_MATCH = YES;
				COPY_PHASE_STRIP = NO;
				DEBUG_INFORMATION_FORMAT = dwarf;
				ENABLE_STRICT_OBJC_MSGSEND = YES;
				ENABLE_TESTABILITY = YES;
				GCC_C_LANGUAGE_STANDARD = gnu11;
				GCC_DYNAMIC_NO_PIC = NO;
				GCC_NO_COMMON_BLOCKS = YES;
				GCC_OPTIMIZATION_LEVEL = 0;
				GCC_PREPROCESSOR_DEFINITIONS = (
					"DEBUG=1",
					"$(inherited)",
				);
				GCC_WARN_64_TO_32_BIT_CONVERSION = YES;
				GCC_WARN_ABOUT_RETURN_TYPE = YES_ERROR;
				GCC_WARN_UNDECLARED_SELECTOR = YES;
				GCC_WARN_UNINITIALIZED_AUTOS = YES_AGGRESSIVE;
				GCC_WARN_UNUSED_FUNCTION = YES;
				GCC_WARN_UNUSED_VARIABLE = YES;
				IPHONEOS_DEPLOYMENT_TARGET = 13.2;
				MTL_ENABLE_DEBUG_INFO = INCLUDE_SOURCE;
				MTL_FAST_MATH = YES;
				ONLY_ACTIVE_ARCH = YES;
				SDKROOT = iphoneos;
				SWIFT_ACTIVE_COMPILATION_CONDITIONS = DEBUG;
				SWIFT_OPTIMIZATION_LEVEL = "-Onone";
			};
			name = Debug;
		};
		3C88CB9523E81198000DB01F /* Release */ = {
			isa = XCBuildConfiguration;
			buildSettings = {
				ALWAYS_SEARCH_USER_PATHS = NO;
				CLANG_ANALYZER_NONNULL = YES;
				CLANG_ANALYZER_NUMBER_OBJECT_CONVERSION = YES_AGGRESSIVE;
				CLANG_CXX_LANGUAGE_STANDARD = "gnu++14";
				CLANG_CXX_LIBRARY = "libc++";
				CLANG_ENABLE_MODULES = YES;
				CLANG_ENABLE_OBJC_ARC = YES;
				CLANG_ENABLE_OBJC_WEAK = YES;
				CLANG_WARN_BLOCK_CAPTURE_AUTORELEASING = YES;
				CLANG_WARN_BOOL_CONVERSION = YES;
				CLANG_WARN_COMMA = YES;
				CLANG_WARN_CONSTANT_CONVERSION = YES;
				CLANG_WARN_DEPRECATED_OBJC_IMPLEMENTATIONS = YES;
				CLANG_WARN_DIRECT_OBJC_ISA_USAGE = YES_ERROR;
				CLANG_WARN_DOCUMENTATION_COMMENTS = YES;
				CLANG_WARN_EMPTY_BODY = YES;
				CLANG_WARN_ENUM_CONVERSION = YES;
				CLANG_WARN_INFINITE_RECURSION = YES;
				CLANG_WARN_INT_CONVERSION = YES;
				CLANG_WARN_NON_LITERAL_NULL_CONVERSION = YES;
				CLANG_WARN_OBJC_IMPLICIT_RETAIN_SELF = YES;
				CLANG_WARN_OBJC_LITERAL_CONVERSION = YES;
				CLANG_WARN_OBJC_ROOT_CLASS = YES_ERROR;
				CLANG_WARN_RANGE_LOOP_ANALYSIS = YES;
				CLANG_WARN_STRICT_PROTOTYPES = YES;
				CLANG_WARN_SUSPICIOUS_MOVE = YES;
				CLANG_WARN_UNGUARDED_AVAILABILITY = YES_AGGRESSIVE;
				CLANG_WARN_UNREACHABLE_CODE = YES;
				CLANG_WARN__DUPLICATE_METHOD_MATCH = YES;
				COPY_PHASE_STRIP = NO;
				DEBUG_INFORMATION_FORMAT = "dwarf-with-dsym";
				ENABLE_NS_ASSERTIONS = NO;
				ENABLE_STRICT_OBJC_MSGSEND = YES;
				GCC_C_LANGUAGE_STANDARD = gnu11;
				GCC_NO_COMMON_BLOCKS = YES;
				GCC_WARN_64_TO_32_BIT_CONVERSION = YES;
				GCC_WARN_ABOUT_RETURN_TYPE = YES_ERROR;
				GCC_WARN_UNDECLARED_SELECTOR = YES;
				GCC_WARN_UNINITIALIZED_AUTOS = YES_AGGRESSIVE;
				GCC_WARN_UNUSED_FUNCTION = YES;
				GCC_WARN_UNUSED_VARIABLE = YES;
				IPHONEOS_DEPLOYMENT_TARGET = 13.2;
				MTL_ENABLE_DEBUG_INFO = NO;
				MTL_FAST_MATH = YES;
				SDKROOT = iphoneos;
				SWIFT_COMPILATION_MODE = wholemodule;
				SWIFT_OPTIMIZATION_LEVEL = "-O";
				VALIDATE_PRODUCT = YES;
			};
			name = Release;
		};
		3C88CB9723E81198000DB01F /* Debug */ = {
			isa = XCBuildConfiguration;
			buildSettings = {
				ASSETCATALOG_COMPILER_APPICON_NAME = AppIcon;
				CODE_SIGN_STYLE = Automatic;
				INFOPLIST_FILE = "Club Demo/Info.plist";
				LD_RUNPATH_SEARCH_PATHS = (
					"$(inherited)",
					"@executable_path/Frameworks",
				);
				PRODUCT_BUNDLE_IDENTIFIER = "amolprakash.Club-Demo";
				PRODUCT_NAME = "$(TARGET_NAME)";
				SWIFT_VERSION = 5.0;
				TARGETED_DEVICE_FAMILY = "1,2";
			};
			name = Debug;
		};
		3C88CB9823E81198000DB01F /* Release */ = {
			isa = XCBuildConfiguration;
			buildSettings = {
				ASSETCATALOG_COMPILER_APPICON_NAME = AppIcon;
				CODE_SIGN_STYLE = Automatic;
				INFOPLIST_FILE = "Club Demo/Info.plist";
				LD_RUNPATH_SEARCH_PATHS = (
					"$(inherited)",
					"@executable_path/Frameworks",
				);
				PRODUCT_BUNDLE_IDENTIFIER = "amolprakash.Club-Demo";
				PRODUCT_NAME = "$(TARGET_NAME)";
				SWIFT_VERSION = 5.0;
				TARGETED_DEVICE_FAMILY = "1,2";
			};
			name = Release;
		};
/* End XCBuildConfiguration section */

/* Begin XCConfigurationList section */
		3C88CB7D23E81196000DB01F /* Build configuration list for PBXProject "Club Demo" */ = {
			isa = XCConfigurationList;
			buildConfigurations = (
				3C88CB9423E81198000DB01F /* Debug */,
				3C88CB9523E81198000DB01F /* Release */,
			);
			defaultConfigurationIsVisible = 0;
			defaultConfigurationName = Release;
		};
		3C88CB9623E81198000DB01F /* Build configuration list for PBXNativeTarget "Club Demo" */ = {
			isa = XCConfigurationList;
			buildConfigurations = (
				3C88CB9723E81198000DB01F /* Debug */,
				3C88CB9823E81198000DB01F /* Release */,
			);
			defaultConfigurationIsVisible = 0;
			defaultConfigurationName = Release;
		};
/* End XCConfigurationList section */
	};
	rootObject = 3C88CB7A23E81196000DB01F /* Project object */;
}
